
Microsoft Visual Studio Solution File, Format Version 12.00
# Visual Studio Version 17
VisualStudioVersion = 17.0.31903.59
MinimumVisualStudioVersion = 10.0.40219.1
Project("{9A19103F-16F7-4668-BE54-9A1E7A4F7556}") = "Concepts", "Concepts\Concepts.csproj", "{67967EBA-9D13-4331-83F4-C479224567B8}"
EndProject
Project("{9A19103F-16F7-4668-BE54-9A1E7A4F7556}") = "Demo", "Demo\Demo.csproj", "{6E996842-86A5-4952-BABD-AAED345A9C74}"
EndProject
Project("{9A19103F-16F7-4668-BE54-9A1E7A4F7556}") = "Exercises", "Exercises\Exercises.csproj", "{66D1FAD0-387A-40CD-A694-07526E7DF9F3}"
EndProject
Project("{9A19103F-16F7-4668-BE54-9A1E7A4F7556}") = "EntityFrameworkDemo", "EntityFrameworkDemo\EntityFrameworkDemo.csproj", "{C34CD435-467E-4360-B0D7-0AC1F4D430D2}"
EndProject
Project("{9A19103F-16F7-4668-BE54-9A1E7A4F7556}") = "WebApplicationDemo", "WebApplicationDemo\WebApplicationDemo.csproj", "{9286CB8D-E403-45BA-898A-86855AFF4784}"
EndProject
Project("{FAE04EC0-301F-11D3-BF4B-00C04F79EFBC}") = "NorthwindExercises", "NorthwindExercises\NorthwindExercises.csproj", "{9740D5A3-741D-4CAB-A79C-F7A295AA1141}"
EndProject
Global
	GlobalSection(SolutionConfigurationPlatforms) = preSolution
		Debug|Any CPU = Debug|Any CPU
		Release|Any CPU = Release|Any CPU
	EndGlobalSection
	GlobalSection(ProjectConfigurationPlatforms) = postSolution
		{67967EBA-9D13-4331-83F4-C479224567B8}.Debug|Any CPU.ActiveCfg = Debug|Any CPU
		{67967EBA-9D13-4331-83F4-C479224567B8}.Debug|Any CPU.Build.0 = Debug|Any CPU
		{67967EBA-9D13-4331-83F4-C479224567B8}.Release|Any CPU.ActiveCfg = Release|Any CPU
		{67967EBA-9D13-4331-83F4-C479224567B8}.Release|Any CPU.Build.0 = Release|Any CPU
		{6E996842-86A5-4952-BABD-AAED345A9C74}.Debug|Any CPU.ActiveCfg = Debug|Any CPU
		{6E996842-86A5-4952-BABD-AAED345A9C74}.Debug|Any CPU.Build.0 = Debug|Any CPU
		{6E996842-86A5-4952-BABD-AAED345A9C74}.Release|Any CPU.ActiveCfg = Release|Any CPU
		{6E996842-86A5-4952-BABD-AAED345A9C74}.Release|Any CPU.Build.0 = Release|Any CPU
		{66D1FAD0-387A-40CD-A694-07526E7DF9F3}.Debug|Any CPU.ActiveCfg = Debug|Any CPU
		{66D1FAD0-387A-40CD-A694-07526E7DF9F3}.Debug|Any CPU.Build.0 = Debug|Any CPU
		{66D1FAD0-387A-40CD-A694-07526E7DF9F3}.Release|Any CPU.ActiveCfg = Release|Any CPU
		{66D1FAD0-387A-40CD-A694-07526E7DF9F3}.Release|Any CPU.Build.0 = Release|Any CPU
		{C34CD435-467E-4360-B0D7-0AC1F4D430D2}.Debug|Any CPU.ActiveCfg = Debug|Any CPU
		{C34CD435-467E-4360-B0D7-0AC1F4D430D2}.Debug|Any CPU.Build.0 = Debug|Any CPU
		{C34CD435-467E-4360-B0D7-0AC1F4D430D2}.Release|Any CPU.ActiveCfg = Release|Any CPU
		{C34CD435-467E-4360-B0D7-0AC1F4D430D2}.Release|Any CPU.Build.0 = Release|Any CPU
		{9286CB8D-E403-45BA-898A-86855AFF4784}.Debug|Any CPU.ActiveCfg = Debug|Any CPU
		{9286CB8D-E403-45BA-898A-86855AFF4784}.Debug|Any CPU.Build.0 = Debug|Any CPU
		{9286CB8D-E403-45BA-898A-86855AFF4784}.Release|Any CPU.ActiveCfg = Release|Any CPU
		{9286CB8D-E403-45BA-898A-86855AFF4784}.Release|Any CPU.Build.0 = Release|Any CPU
		{9740D5A3-741D-4CAB-A79C-F7A295AA1141}.Debug|Any CPU.ActiveCfg = Debug|Any CPU
		{9740D5A3-741D-4CAB-A79C-F7A295AA1141}.Debug|Any CPU.Build.0 = Debug|Any CPU
		{9740D5A3-741D-4CAB-A79C-F7A295AA1141}.Release|Any CPU.ActiveCfg = Release|Any CPU
		{9740D5A3-741D-4CAB-A79C-F7A295AA1141}.Release|Any CPU.Build.0 = Release|Any CPU
	EndGlobalSection
	GlobalSection(SolutionProperties) = preSolution
		HideSolutionNode = FALSE
	EndGlobalSection
	GlobalSection(ExtensibilityGlobals) = postSolution
		SolutionGuid = {5B321495-66B3-4DFF-B51F-A0AB0BA11972}
	EndGlobalSection
EndGlobal
